lockfileVersion: '9.0'

settings:
  autoInstallPeers: true
  excludeLinksFromLockfile: false

importers:

  .:
    dependencies:
      '@mediapipe/tasks-vision':
        specifier: ^0.10.12
        version: 0.10.14
      '@types/web-bluetooth':
        specifier: ^0.0.20
        version: 0.0.20
      events:
        specifier: ^3.3.0
        version: 3.3.0

packages:

  '@mediapipe/tasks-vision@0.10.14':
    resolution: {integrity: sha512-vOifgZhkndgybdvoRITzRkIueWWSiCKuEUXXK6Q4FaJsFvRJuwgg++vqFUMlL0Uox62U5aEXFhHxlhV7Ja5e3Q==}

  '@types/web-bluetooth@0.0.20':
    resolution: {integrity: sha512-g9gZnnXVq7gM7v3tJCWV/qw7w+KeOlSHAhgF9RytFyifW6AF61hdT2ucrYhPq9hLs5JIryeupHV3qGk95dH9ow==}

  events@3.3.0:
    resolution: {integrity: sha512-mQw+2fkQbALzQ7V0MY0IqdnXNOeTtP4r0lN9z7AAawCXgqea7bDii20AYrIBrFd/Hx0M2Ocz6S111CaFkUcb0Q==}
    engines: {node: '>=0.8.x'}

snapshots:

  '@mediapipe/tasks-vision@0.10.14': {}

  '@types/web-bluetooth@0.0.20': {}

  events@3.3.0: {}
