lockfileVersion: '9.0'

settings:
  autoInstallPeers: true
  excludeLinksFromLockfile: false

importers:

  .:
    dependencies:
      '@mediapipe/tasks-vision':
        specifier: ^0.10.0
        version: 0.10.21

packages:

  '@mediapipe/tasks-vision@0.10.21':
    resolution: {integrity: sha512-TuhKH+credq4zLksGbYrnvJ1aLIWMc5r0UHwzxzql4BHECJwIAoBR61ZrqwGOW6ZmSBIzU1t4VtKj8hbxFaKeA==}

snapshots:

  '@mediapipe/tasks-vision@0.10.21': {}
