{
  "name": "selfie-segmentation-extension",
  "version": "1.0.0",
  "lockfileVersion": 2,
  "requires": true,
  "packages": {
    "": {
      "name": "selfie-segmentation-extension",
      "version": "1.0.0",
      "license": "ISC",
      "devDependencies": {
        "@mediapipe/selfie_segmentation": "^0.1.1675465747"
      }
    },
    "node_modules/@mediapipe/selfie_segmentation": {
      "version": "0.1.1675465747",
      "resolved": "https://registry.npmjs.org/@mediapipe/selfie_segmentation/-/selfie_segmentation-0.1.1675465747.tgz",
      "integrity": "sha512-IxYxNhwE5VwOm52L1yoFWYLP7q9Pd+NJjzOC5tlepfvEGaY3o9hslhUrx9BgseqdfZtKSDtd/4NfCSMjNzQalA==",
      "dev": true
    }
  },
  "dependencies": {
    "@mediapipe/selfie_segmentation": {
      "version": "0.1.1675465747",
      "resolved": "https://registry.npmjs.org/@mediapipe/selfie_segmentation/-/selfie_segmentation-0.1.1675465747.tgz",
      "integrity": "sha512-IxYxNhwE5VwOm52L1yoFWYLP7q9Pd+NJjzOC5tlepfvEGaY3o9hslhUrx9BgseqdfZtKSDtd/4NfCSMjNzQalA==",
      "dev": true
    }
  }
}
