{
  "name": "project-probe-extension",
  "version": "1.0.0",
  "lockfileVersion": 2,
  "requires": true,
  "packages": {
    "": {
      "name": "project-probe-extension",
      "version": "1.0.0",
      "license": "ISC",
      "dependencies": {
        "unzipit": "^1.4.2"
      }
    },
    "node_modules/unzipit": {
      "version": "1.4.2",
      "resolved": "https://registry.npmjs.org/unzipit/-/unzipit-1.4.2.tgz",
      "integrity": "sha512-m7UOmLY0AxrvHs0f1x4FCjH5HJR57a891MaYxIMcfyLwrGWW8GBFjFvacQz/m/QgPvnmq2RVctlEmDKpZp7wfQ==",
      "dependencies": {
        "uzip-module": "^1.0.2"
      },
      "engines": {
        "node": ">=12"
      }
    },
    "node_modules/uzip-module": {
      "version": "1.0.3",
      "resolved": "https://registry.npmjs.org/uzip-module/-/uzip-module-1.0.3.tgz",
      "integrity": "sha512-AMqwWZaknLM77G+VPYNZLEruMGWGzyigPK3/Whg99B3S6vGHuqsyl5ZrOv1UUF3paGK1U6PM0cnayioaryg/fA=="
    }
  },
  "dependencies": {
    "unzipit": {
      "version": "1.4.2",
      "resolved": "https://registry.npmjs.org/unzipit/-/unzipit-1.4.2.tgz",
      "integrity": "sha512-m7UOmLY0AxrvHs0f1x4FCjH5HJR57a891MaYxIMcfyLwrGWW8GBFjFvacQz/m/QgPvnmq2RVctlEmDKpZp7wfQ==",
      "requires": {
        "uzip-module": "^1.0.2"
      }
    },
    "uzip-module": {
      "version": "1.0.3",
      "resolved": "https://registry.npmjs.org/uzip-module/-/uzip-module-1.0.3.tgz",
      "integrity": "sha512-AMqwWZaknLM77G+VPYNZLEruMGWGzyigPK3/Whg99B3S6vGHuqsyl5ZrOv1UUF3paGK1U6PM0cnayioaryg/fA=="
    }
  }
}
