{
  "name": "object-detection-extension",
  "version": "1.0.0",
  "lockfileVersion": 2,
  "requires": true,
  "packages": {
    "": {
      "name": "object-detection-extension",
      "version": "1.0.0",
      "license": "ISC",
      "dependencies": {
        "@mediapipe/tasks-vision": "^0.1.0-alpha-12"
      }
    },
    "node_modules/@mediapipe/tasks-vision": {
      "version": "0.1.0-alpha-9",
      "resolved": "https://registry.npmjs.org/@mediapipe/tasks-vision/-/tasks-vision-0.1.0-alpha-9.tgz",
      "integrity": "sha512-hpgY13d3zwbKEyEEG03m1rpEYM56CGPcMGgHwveZ4+SfDjmMLaev14bvlVpog51UNDE7abJTRL6Q4OtIJsSxXQ=="
    }
  },
  "dependencies": {
    "@mediapipe/tasks-vision": {
      "version": "0.1.0-alpha-9",
      "resolved": "https://registry.npmjs.org/@mediapipe/tasks-vision/-/tasks-vision-0.1.0-alpha-9.tgz",
      "integrity": "sha512-hpgY13d3zwbKEyEEG03m1rpEYM56CGPcMGgHwveZ4+SfDjmMLaev14bvlVpog51UNDE7abJTRL6Q4OtIJsSxXQ=="
    }
  }
}
