lockfileVersion: '9.0'

settings:
  autoInstallPeers: true
  excludeLinksFromLockfile: false

importers:

  .:
    dependencies:
      '@teachablemachine/image':
        specifier: ^0.8.5
        version: 0.8.5(@tensorflow/tfjs@1.3.1(seedrandom@3.0.5))
      '@teachablemachine/pose':
        specifier: ^0.8.6
        version: 0.8.6(@tensorflow/tfjs-converter@1.3.1(@tensorflow/tfjs-core@1.3.1))(@tensorflow/tfjs-core@1.3.1)(@tensorflow/tfjs@1.3.1(seedrandom@3.0.5))
      '@tensorflow-models/speech-commands':
        specifier: 0.4.0
        version: 0.4.0(@tensorflow/tfjs@1.3.1(seedrandom@3.0.5))
      '@tensorflow/tfjs':
        specifier: 1.3.1
        version: 1.3.1(seedrandom@3.0.5)

packages:

  '@teachablemachine/image@0.8.5':
    resolution: {integrity: sha512-u6BLQ8RBn38BKee7mmAl+HS9qWgM/2YmUbQYy21eQfqhb7E8xT5LDp7QqEU31rtgEIMDwB/OG8cjmSiuHpqb7A==}
    peerDependencies:
      '@tensorflow/tfjs': 1.3.1

  '@teachablemachine/pose@0.8.6':
    resolution: {integrity: sha512-72UHof2okPdyKlDMSnFcDk/h7dj4I9BBbGsJs64P+B/WQb1rwFcxAeeUFud5rJ2HFwElLDLEjnyaHZljeWV2Bg==}
    peerDependencies:
      '@tensorflow/tfjs': 1.3.1

  '@tensorflow-models/posenet@2.2.2':
    resolution: {integrity: sha512-0SXIksRet/IdX7WVH+JSD6W3upkGHix1hwtd3xykIoIMGR7zQ4SC5+wZcNt9ofASyxNYQoI+tUULUo4LNw0c3w==}
    peerDependencies:
      '@tensorflow/tfjs-converter': ^3.0.0-rc.1
      '@tensorflow/tfjs-core': ^3.0.0-rc.1

  '@tensorflow-models/speech-commands@0.4.0':
    resolution: {integrity: sha512-OtG9QElQwts9j+gF2ZfyjG8xZa9rZq600Op9LhUYi59OvhuCSpof3vkwLP3oyMhMOrEFfAn546dHuA5dLfdK1A==}
    peerDependencies:
      '@tensorflow/tfjs': ^1.3.0

  '@tensorflow/tfjs-converter@1.3.1':
    resolution: {integrity: sha512-8IHzcIZwqCofcRBhaCTN6W73m2RGdBDH6BEORf0KDdbgbz4DouItVcKX692PrA8gchY+Xy8ZHMpj93PcAOs17g==}
    peerDependencies:
      '@tensorflow/tfjs-core': 1.3.1

  '@tensorflow/tfjs-core@1.3.1':
    resolution: {integrity: sha512-X4MKhpg1gLEZetKUMeQNW6diP3gbFFddeF6UT816sH8jOenX/8x2HnVmANpNnUxCTPhDniY3V9zhBWwbl13+Yg==}
    engines: {yarn: '>= 1.3.2'}

  '@tensorflow/tfjs-data@1.3.1':
    resolution: {integrity: sha512-GCATkRXKBewLdri+qfzTLcVsToX9W7fz5JwApY6Ysel/aTtKSYArU8+OppUKAfWkczBA/fZKlJTONnqC42H6bA==}
    peerDependencies:
      '@tensorflow/tfjs-core': 1.3.1
      seedrandom: ~2.4.3

  '@tensorflow/tfjs-layers@1.3.1':
    resolution: {integrity: sha512-LiC9mGU9ZQ7+c3PiQ6MDkvT/gZgqNN67TsypfKm+L44u2TLtMZf77mRaQ/8rW/F89Ey4PDDFftDRDYv0t3fukw==}
    peerDependencies:
      '@tensorflow/tfjs-core': 1.3.1

  '@tensorflow/tfjs@1.3.1':
    resolution: {integrity: sha512-eJ8+WYRYYx6o3R4daV3T46ZHI/FN0+wslNnobh6d2Sp/T8PfaFpdR38nRrYtxnz33A80B2pMk4VxzoVivS4/jA==}

  '@types/node-fetch@2.6.11':
    resolution: {integrity: sha512-24xFj9R5+rfQJLRyM56qh+wnVSYhyXC2tkoBndtY0U+vubqNsYXGjufB2nn8Q6gt0LrARwL6UBtMCSVCwl4B1g==}

  '@types/node@20.14.10':
    resolution: {integrity: sha512-MdiXf+nDuMvY0gJKxyfZ7/6UFsETO7mGKF54MVD/ekJS6HdFtpZFBgrh6Pseu64XTb2MLyFPlbW6hj8HYRQNOQ==}

  '@types/offscreencanvas@2019.3.0':
    resolution: {integrity: sha512-esIJx9bQg+QYF0ra8GnvfianIY8qWB0GBx54PK5Eps6m+xTj86KLavHv6qDhzKcu5UUOgNfJ2pWaIIV7TRUd9Q==}

  '@types/seedrandom@2.4.27':
    resolution: {integrity: sha512-YvMLqFak/7rt//lPBtEHv3M4sRNA+HGxrhFZ+DQs9K2IkYJbNwVIb8avtJfhDiuaUBX/AW0jnjv48FV8h3u9bQ==}

  '@types/webgl-ext@0.0.30':
    resolution: {integrity: sha512-LKVgNmBxN0BbljJrVUwkxwRYqzsAEPcZOe6S2T6ZaBDIrFp0qu4FNlpc5sM1tGbXUYFgdVQIoeLk1Y1UoblyEg==}

  '@types/webgl2@0.0.4':
    resolution: {integrity: sha512-PACt1xdErJbMUOUweSrbVM7gSIYm1vTncW2hF6Os/EeWi6TXYAYMPp+8v6rzHmypE5gHrxaxZNXgMkJVIdZpHw==}

  asynckit@0.4.0:
    resolution: {integrity: sha512-Oei9OH4tRh0YqU3GxhX79dM/mwVgvbZJaSNaRk+bshkj0S5cfHcgYakreBjrHwatXKbz+IoIdYLxrKim2MjW0Q==}

  autobind-decorator@2.4.0:
    resolution: {integrity: sha512-OGYhWUO72V6DafbF8PM8rm3EPbfuyMZcJhtm5/n26IDwO18pohE4eNazLoCGhPiXOCD0gEGmrbU3849QvM8bbw==}
    engines: {node: '>=8.10', npm: '>=6.4.1'}

  combined-stream@1.0.8:
    resolution: {integrity: sha512-FQN4MRfuJeHf7cBbBMJFXhKSDq+2kAArBlmRBvcvFE5BB1HZKXtSFASDhdlz9zOYwxh8lDdnvmMOe/+5cdoEdg==}
    engines: {node: '>= 0.8'}

  delayed-stream@1.0.0:
    resolution: {integrity: sha512-ZySD7Nf91aLB0RxL4KGrKHBXl7Eds1DAmEdcoVawXnLD7SDhpNgtuII2aAkg7a7QS41jxPSZ17p4VdGnMHk3MQ==}
    engines: {node: '>=0.4.0'}

  form-data@4.0.0:
    resolution: {integrity: sha512-ETEklSGi5t0QMZuiXoA/Q6vcnxcLQP5vdugSpuAyi6SVGi2clPPp+xgEhuMaHC+zGgn31Kd235W35f7Hykkaww==}
    engines: {node: '>= 6'}

  mime-db@1.52.0:
    resolution: {integrity: sha512-sPU4uV7dYlvtWJxwwxHD0PuihVNiE7TyAbQ5SWxDCB9mUYvOgroQOwYQQOKPJ8CIbE+1ETVlOoK1UC2nU3gYvg==}
    engines: {node: '>= 0.6'}

  mime-types@2.1.35:
    resolution: {integrity: sha512-ZDY+bPm5zTTF+YpCrAU9nK0UgICYPT0QtT1NZWFv4s++TNkcgVaT0g6+4R2uI4MjQjzysHB1zxuWL50hzaeXiw==}
    engines: {node: '>= 0.6'}

  node-fetch@2.1.2:
    resolution: {integrity: sha512-IHLHYskTc2arMYsHZH82PVX8CSKT5lzb7AXeyO06QnjGDKtkv+pv3mEki6S7reB/x1QPo+YPxQRNEVgR5V/w3Q==}
    engines: {node: 4.x || >=6.0.0}

  seedrandom@2.4.3:
    resolution: {integrity: sha512-2CkZ9Wn2dS4mMUWQaXLsOAfGD+irMlLEeSP3cMxpGbgyOOzJGFa+MWCOMTOCMyZinHRPxyOj/S/C57li/1to6Q==}

  seedrandom@2.4.4:
    resolution: {integrity: sha512-9A+PDmgm+2du77B5i0Ip2cxOqqHjgNxnBgglxLcX78A2D6c2rTo61z4jnVABpF4cKeDMDG+cmXXvdnqse2VqMA==}

  seedrandom@3.0.5:
    resolution: {integrity: sha512-8OwmbklUNzwezjGInmZ+2clQmExQPvomqjL7LFqOYqtmuxRgQYqOD3mHaU+MvZn5FLUeVxVfQjwLZW/n/JFuqg==}

  undici-types@5.26.5:
    resolution: {integrity: sha512-JlCMO+ehdEIKqlFxk6IfVoAUVmgz7cU7zD/h9XZ0qzeosSHmUJVOzSQvvYSYWXkFXC+IfLKSIffhv0sVZup6pA==}

snapshots:

  '@teachablemachine/image@0.8.5(@tensorflow/tfjs@1.3.1(seedrandom@3.0.5))':
    dependencies:
      '@tensorflow/tfjs': 1.3.1(seedrandom@3.0.5)
      autobind-decorator: 2.4.0
      seedrandom: 2.4.4

  '@teachablemachine/pose@0.8.6(@tensorflow/tfjs-converter@1.3.1(@tensorflow/tfjs-core@1.3.1))(@tensorflow/tfjs-core@1.3.1)(@tensorflow/tfjs@1.3.1(seedrandom@3.0.5))':
    dependencies:
      '@tensorflow-models/posenet': 2.2.2(@tensorflow/tfjs-converter@1.3.1(@tensorflow/tfjs-core@1.3.1))(@tensorflow/tfjs-core@1.3.1)
      '@tensorflow/tfjs': 1.3.1(seedrandom@3.0.5)
      autobind-decorator: 2.4.0
      seedrandom: 3.0.5
    transitivePeerDependencies:
      - '@tensorflow/tfjs-converter'
      - '@tensorflow/tfjs-core'

  '@tensorflow-models/posenet@2.2.2(@tensorflow/tfjs-converter@1.3.1(@tensorflow/tfjs-core@1.3.1))(@tensorflow/tfjs-core@1.3.1)':
    dependencies:
      '@tensorflow/tfjs-converter': 1.3.1(@tensorflow/tfjs-core@1.3.1)
      '@tensorflow/tfjs-core': 1.3.1

  '@tensorflow-models/speech-commands@0.4.0(@tensorflow/tfjs@1.3.1(seedrandom@3.0.5))':
    dependencies:
      '@tensorflow/tfjs': 1.3.1(seedrandom@3.0.5)

  '@tensorflow/tfjs-converter@1.3.1(@tensorflow/tfjs-core@1.3.1)':
    dependencies:
      '@tensorflow/tfjs-core': 1.3.1

  '@tensorflow/tfjs-core@1.3.1':
    dependencies:
      '@types/offscreencanvas': 2019.3.0
      '@types/seedrandom': 2.4.27
      '@types/webgl-ext': 0.0.30
      '@types/webgl2': 0.0.4
      node-fetch: 2.1.2
      seedrandom: 2.4.3

  '@tensorflow/tfjs-data@1.3.1(@tensorflow/tfjs-core@1.3.1)(seedrandom@3.0.5)':
    dependencies:
      '@tensorflow/tfjs-core': 1.3.1
      '@types/node-fetch': 2.6.11
      node-fetch: 2.1.2
      seedrandom: 3.0.5

  '@tensorflow/tfjs-layers@1.3.1(@tensorflow/tfjs-core@1.3.1)':
    dependencies:
      '@tensorflow/tfjs-core': 1.3.1

  '@tensorflow/tfjs@1.3.1(seedrandom@3.0.5)':
    dependencies:
      '@tensorflow/tfjs-converter': 1.3.1(@tensorflow/tfjs-core@1.3.1)
      '@tensorflow/tfjs-core': 1.3.1
      '@tensorflow/tfjs-data': 1.3.1(@tensorflow/tfjs-core@1.3.1)(seedrandom@3.0.5)
      '@tensorflow/tfjs-layers': 1.3.1(@tensorflow/tfjs-core@1.3.1)
    transitivePeerDependencies:
      - seedrandom

  '@types/node-fetch@2.6.11':
    dependencies:
      '@types/node': 20.14.10
      form-data: 4.0.0

  '@types/node@20.14.10':
    dependencies:
      undici-types: 5.26.5

  '@types/offscreencanvas@2019.3.0': {}

  '@types/seedrandom@2.4.27': {}

  '@types/webgl-ext@0.0.30': {}

  '@types/webgl2@0.0.4': {}

  asynckit@0.4.0: {}

  autobind-decorator@2.4.0: {}

  combined-stream@1.0.8:
    dependencies:
      delayed-stream: 1.0.0

  delayed-stream@1.0.0: {}

  form-data@4.0.0:
    dependencies:
      asynckit: 0.4.0
      combined-stream: 1.0.8
      mime-types: 2.1.35

  mime-db@1.52.0: {}

  mime-types@2.1.35:
    dependencies:
      mime-db: 1.52.0

  node-fetch@2.1.2: {}

  seedrandom@2.4.3: {}

  seedrandom@2.4.4: {}

  seedrandom@3.0.5: {}

  undici-types@5.26.5: {}
