lockfileVersion: '9.0'

settings:
  autoInstallPeers: true
  excludeLinksFromLockfile: false

importers:

  .:
    dependencies:
      '@tensorflow-models/posenet':
        specifier: 2.2.1
        version: 2.2.1(@tensorflow/tfjs-converter@3.21.0(@tensorflow/tfjs-core@3.21.0))(@tensorflow/tfjs-core@3.21.0)

packages:

  '@tensorflow-models/posenet@2.2.1':
    resolution: {integrity: sha512-n9/g6DfjAyrBTf/zt1haRCyWsgALxUCzg9/Ks3Y2mbYavRZVSCSTRPy/qlE5Hr4tLfyckGfDN14zmGTthNcg/g==}
    peerDependencies:
      '@tensorflow/tfjs-converter': ^1.3.0
      '@tensorflow/tfjs-core': ^1.3.0

  '@tensorflow/tfjs-converter@3.21.0':
    resolution: {integrity: sha512-12Y4zVDq3yW+wSjSDpSv4HnpL2sDZrNiGSg8XNiDE4HQBdjdA+a+Q3sZF/8NV9y2yoBhL5L7V4mMLDdbZBd9/Q==}
    peerDependencies:
      '@tensorflow/tfjs-core': 3.21.0

  '@tensorflow/tfjs-core@3.21.0':
    resolution: {integrity: sha512-YSfsswOqWfd+M4bXIhT3hwtAb+IV8+ODwIxwdFR/7jTAPZP1wMVnSlpKnXHAN64HFOiP+Tm3HmKusEZ0+09A0w==}
    engines: {yarn: '>= 1.3.2'}

  '@types/long@4.0.2':
    resolution: {integrity: sha512-MqTGEo5bj5t157U6fA/BiDynNkn0YknVdh48CMPkTSpFTVmvao5UQmm7uEF6xBEo7qIMAlY/JSleYaE6VOdpaA==}

  '@types/offscreencanvas@2019.3.0':
    resolution: {integrity: sha512-esIJx9bQg+QYF0ra8GnvfianIY8qWB0GBx54PK5Eps6m+xTj86KLavHv6qDhzKcu5UUOgNfJ2pWaIIV7TRUd9Q==}

  '@types/seedrandom@2.4.34':
    resolution: {integrity: sha512-ytDiArvrn/3Xk6/vtylys5tlY6eo7Ane0hvcx++TKo6RxQXuVfW0AF/oeWqAj9dN29SyhtawuXstgmPlwNcv/A==}

  '@types/webgl-ext@0.0.30':
    resolution: {integrity: sha512-LKVgNmBxN0BbljJrVUwkxwRYqzsAEPcZOe6S2T6ZaBDIrFp0qu4FNlpc5sM1tGbXUYFgdVQIoeLk1Y1UoblyEg==}

  '@webgpu/types@0.1.16':
    resolution: {integrity: sha512-9E61voMP4+Rze02jlTXud++Htpjyyk8vw5Hyw9FGRrmhHQg2GqbuOfwf5Klrb8vTxc2XWI3EfO7RUHMpxTj26A==}

  long@4.0.0:
    resolution: {integrity: sha512-XsP+KhQif4bjX1kbuSiySJFNAehNxgLb6hPRGJ9QsUr8ajHkuXGdrHmFUTUUXhDwVX2R5bY4JNZEwbUiMhV+MA==}

  node-fetch@2.6.13:
    resolution: {integrity: sha512-StxNAxh15zr77QvvkmveSQ8uCQ4+v5FkvNTj0OESmiHu+VRi/gXArXtkWMElOsOUNLtUEvI4yS+rdtOHZTwlQA==}
    engines: {node: 4.x || >=6.0.0}
    peerDependencies:
      encoding: ^0.1.0
    peerDependenciesMeta:
      encoding:
        optional: true

  seedrandom@3.0.5:
    resolution: {integrity: sha512-8OwmbklUNzwezjGInmZ+2clQmExQPvomqjL7LFqOYqtmuxRgQYqOD3mHaU+MvZn5FLUeVxVfQjwLZW/n/JFuqg==}

  tr46@0.0.3:
    resolution: {integrity: sha512-N3WMsuqV66lT30CrXNbEjx4GEwlow3v6rr4mCcv6prnfwhS01rkgyFdjPNBYd9br7LpXV1+Emh01fHnq2Gdgrw==}

  webidl-conversions@3.0.1:
    resolution: {integrity: sha512-2JAn3z8AR6rjK8Sm8orRC0h/bcl/DqL7tRPdGZ4I1CjdF+EaMLmYxBHyXuKL849eucPFhvBoxMsflfOb8kxaeQ==}

  whatwg-url@5.0.0:
    resolution: {integrity: sha512-saE57nupxk6v3HY35+jzBwYa0rKSy0XR8JSxZPwgLr7ys0IBzhGviA1/TUGJLmSVqs8pb9AnvICXEuOHLprYTw==}

snapshots:

  '@tensorflow-models/posenet@2.2.1(@tensorflow/tfjs-converter@3.21.0(@tensorflow/tfjs-core@3.21.0))(@tensorflow/tfjs-core@3.21.0)':
    dependencies:
      '@tensorflow/tfjs-converter': 3.21.0(@tensorflow/tfjs-core@3.21.0)
      '@tensorflow/tfjs-core': 3.21.0

  '@tensorflow/tfjs-converter@3.21.0(@tensorflow/tfjs-core@3.21.0)':
    dependencies:
      '@tensorflow/tfjs-core': 3.21.0

  '@tensorflow/tfjs-core@3.21.0':
    dependencies:
      '@types/long': 4.0.2
      '@types/offscreencanvas': 2019.3.0
      '@types/seedrandom': 2.4.34
      '@types/webgl-ext': 0.0.30
      '@webgpu/types': 0.1.16
      long: 4.0.0
      node-fetch: 2.6.13
      seedrandom: 3.0.5
    transitivePeerDependencies:
      - encoding

  '@types/long@4.0.2': {}

  '@types/offscreencanvas@2019.3.0': {}

  '@types/seedrandom@2.4.34': {}

  '@types/webgl-ext@0.0.30': {}

  '@webgpu/types@0.1.16': {}

  long@4.0.0: {}

  node-fetch@2.6.13:
    dependencies:
      whatwg-url: 5.0.0

  seedrandom@3.0.5: {}

  tr46@0.0.3: {}

  webidl-conversions@3.0.1: {}

  whatwg-url@5.0.0:
    dependencies:
      tr46: 0.0.3
      webidl-conversions: 3.0.1
